
Microsoft Visual Studio Solution File, Format Version 12.00
# Visual Studio Version 17
VisualStudioVersion = 17.7.34024.191
MinimumVisualStudioVersion = 10.0.40219.1
Project("{9A19103F-16F7-4668-BE54-9A1E7A4F7556}") = "01CountChars", "01CountChars\01CountChars.csproj", "{3CC0A9B5-B533-4F7F-A9E3-195F710B9F70}"
EndProject
Project("{9A19103F-16F7-4668-BE54-9A1E7A4F7556}") = "02MinerTask", "02MinerTask\02MinerTask.csproj", "{DECE08DD-094D-494B-A66F-B63C4EBC9CC8}"
EndProject
Project("{9A19103F-16F7-4668-BE54-9A1E7A4F7556}") = "03Orders", "03Orders\03Orders.csproj", "{E578C14E-0846-4F1A-AB20-6069EBF9AE0C}"
EndProject
Project("{9A19103F-16F7-4668-BE54-9A1E7A4F7556}") = "04Parking", "04Parking\04Parking.csproj", "{9629B162-8582-4386-BA68-FE50CAB39D47}"
EndProject
Project("{9A19103F-16F7-4668-BE54-9A1E7A4F7556}") = "05StudentAcademy", "05StudentAcademy\05StudentAcademy.csproj", "{B66E20F8-9395-4AC5-8515-ACC82CE7D6B5}"
EndProject
Project("{FAE04EC0-301F-11D3-BF4B-00C04F79EFBC}") = "06CompanyUsers", "06CompanyUsers\06CompanyUsers.csproj", "{1CF1C28F-9642-4053-99F9-61217CED3406}"
EndProject
Global
	GlobalSection(SolutionConfigurationPlatforms) = preSolution
		Debug|Any CPU = Debug|Any CPU
		Release|Any CPU = Release|Any CPU
	EndGlobalSection
	GlobalSection(ProjectConfigurationPlatforms) = postSolution
		{3CC0A9B5-B533-4F7F-A9E3-195F710B9F70}.Debug|Any CPU.ActiveCfg = Debug|Any CPU
		{3CC0A9B5-B533-4F7F-A9E3-195F710B9F70}.Debug|Any CPU.Build.0 = Debug|Any CPU
		{3CC0A9B5-B533-4F7F-A9E3-195F710B9F70}.Release|Any CPU.ActiveCfg = Release|Any CPU
		{3CC0A9B5-B533-4F7F-A9E3-195F710B9F70}.Release|Any CPU.Build.0 = Release|Any CPU
		{DECE08DD-094D-494B-A66F-B63C4EBC9CC8}.Debug|Any CPU.ActiveCfg = Debug|Any CPU
		{DECE08DD-094D-494B-A66F-B63C4EBC9CC8}.Debug|Any CPU.Build.0 = Debug|Any CPU
		{DECE08DD-094D-494B-A66F-B63C4EBC9CC8}.Release|Any CPU.ActiveCfg = Release|Any CPU
		{DECE08DD-094D-494B-A66F-B63C4EBC9CC8}.Release|Any CPU.Build.0 = Release|Any CPU
		{E578C14E-0846-4F1A-AB20-6069EBF9AE0C}.Debug|Any CPU.ActiveCfg = Debug|Any CPU
		{E578C14E-0846-4F1A-AB20-6069EBF9AE0C}.Debug|Any CPU.Build.0 = Debug|Any CPU
		{E578C14E-0846-4F1A-AB20-6069EBF9AE0C}.Release|Any CPU.ActiveCfg = Release|Any CPU
		{E578C14E-0846-4F1A-AB20-6069EBF9AE0C}.Release|Any CPU.Build.0 = Release|Any CPU
		{9629B162-8582-4386-BA68-FE50CAB39D47}.Debug|Any CPU.ActiveCfg = Debug|Any CPU
		{9629B162-8582-4386-BA68-FE50CAB39D47}.Debug|Any CPU.Build.0 = Debug|Any CPU
		{9629B162-8582-4386-BA68-FE50CAB39D47}.Release|Any CPU.ActiveCfg = Release|Any CPU
		{9629B162-8582-4386-BA68-FE50CAB39D47}.Release|Any CPU.Build.0 = Release|Any CPU
		{B66E20F8-9395-4AC5-8515-ACC82CE7D6B5}.Debug|Any CPU.ActiveCfg = Debug|Any CPU
		{B66E20F8-9395-4AC5-8515-ACC82CE7D6B5}.Debug|Any CPU.Build.0 = Debug|Any CPU
		{B66E20F8-9395-4AC5-8515-ACC82CE7D6B5}.Release|Any CPU.ActiveCfg = Release|Any CPU
		{B66E20F8-9395-4AC5-8515-ACC82CE7D6B5}.Release|Any CPU.Build.0 = Release|Any CPU
		{1CF1C28F-9642-4053-99F9-61217CED3406}.Debug|Any CPU.ActiveCfg = Debug|Any CPU
		{1CF1C28F-9642-4053-99F9-61217CED3406}.Debug|Any CPU.Build.0 = Debug|Any CPU
		{1CF1C28F-9642-4053-99F9-61217CED3406}.Release|Any CPU.ActiveCfg = Release|Any CPU
		{1CF1C28F-9642-4053-99F9-61217CED3406}.Release|Any CPU.Build.0 = Release|Any CPU
	EndGlobalSection
	GlobalSection(SolutionProperties) = preSolution
		HideSolutionNode = FALSE
	EndGlobalSection
	GlobalSection(ExtensibilityGlobals) = postSolution
		SolutionGuid = {9ACAD675-02E7-4DA3-B2B5-0775CCCAF4EF}
	EndGlobalSection
EndGlobal
