
Microsoft Visual Studio Solution File, Format Version 12.00
# Visual Studio Version 17
VisualStudioVersion = 17.7.34024.191
MinimumVisualStudioVersion = 10.0.40219.1
Project("{9A19103F-16F7-4668-BE54-9A1E7A4F7556}") = "01Songs", "01Songs\01Songs.csproj", "{3F512241-073A-46EC-9DA0-055418D83C2F}"
EndProject
Project("{9A19103F-16F7-4668-BE54-9A1E7A4F7556}") = "02Students", "02Students\02Students.csproj", "{CFF9AE9B-8CAC-41A5-A568-C1626E09779C}"
EndProject
Project("{FAE04EC0-301F-11D3-BF4B-00C04F79EFBC}") = "03StoreBoxes", "03StoreBoxes\03StoreBoxes.csproj", "{A10E2D0F-768A-42F8-A32E-AAD439FE620A}"
EndProject
Project("{FAE04EC0-301F-11D3-BF4B-00C04F79EFBC}") = "04Catalogue", "04Catalogue\04Catalogue.csproj", "{7F5E9247-B804-43D3-8060-E1B7D927C280}"
EndProject
Global
	GlobalSection(SolutionConfigurationPlatforms) = preSolution
		Debug|Any CPU = Debug|Any CPU
		Release|Any CPU = Release|Any CPU
	EndGlobalSection
	GlobalSection(ProjectConfigurationPlatforms) = postSolution
		{3F512241-073A-46EC-9DA0-055418D83C2F}.Debug|Any CPU.ActiveCfg = Debug|Any CPU
		{3F512241-073A-46EC-9DA0-055418D83C2F}.Debug|Any CPU.Build.0 = Debug|Any CPU
		{3F512241-073A-46EC-9DA0-055418D83C2F}.Release|Any CPU.ActiveCfg = Release|Any CPU
		{3F512241-073A-46EC-9DA0-055418D83C2F}.Release|Any CPU.Build.0 = Release|Any CPU
		{CFF9AE9B-8CAC-41A5-A568-C1626E09779C}.Debug|Any CPU.ActiveCfg = Debug|Any CPU
		{CFF9AE9B-8CAC-41A5-A568-C1626E09779C}.Debug|Any CPU.Build.0 = Debug|Any CPU
		{CFF9AE9B-8CAC-41A5-A568-C1626E09779C}.Release|Any CPU.ActiveCfg = Release|Any CPU
		{CFF9AE9B-8CAC-41A5-A568-C1626E09779C}.Release|Any CPU.Build.0 = Release|Any CPU
		{A10E2D0F-768A-42F8-A32E-AAD439FE620A}.Debug|Any CPU.ActiveCfg = Debug|Any CPU
		{A10E2D0F-768A-42F8-A32E-AAD439FE620A}.Debug|Any CPU.Build.0 = Debug|Any CPU
		{A10E2D0F-768A-42F8-A32E-AAD439FE620A}.Release|Any CPU.ActiveCfg = Release|Any CPU
		{A10E2D0F-768A-42F8-A32E-AAD439FE620A}.Release|Any CPU.Build.0 = Release|Any CPU
		{7F5E9247-B804-43D3-8060-E1B7D927C280}.Debug|Any CPU.ActiveCfg = Debug|Any CPU
		{7F5E9247-B804-43D3-8060-E1B7D927C280}.Debug|Any CPU.Build.0 = Debug|Any CPU
		{7F5E9247-B804-43D3-8060-E1B7D927C280}.Release|Any CPU.ActiveCfg = Release|Any CPU
		{7F5E9247-B804-43D3-8060-E1B7D927C280}.Release|Any CPU.Build.0 = Release|Any CPU
	EndGlobalSection
	GlobalSection(SolutionProperties) = preSolution
		HideSolutionNode = FALSE
	EndGlobalSection
	GlobalSection(ExtensibilityGlobals) = postSolution
		SolutionGuid = {F67B330B-296D-4515-97B2-C2EABF14A37C}
	EndGlobalSection
EndGlobal
