
Microsoft Visual Studio Solution File, Format Version 12.00
# Visual Studio Version 17
VisualStudioVersion = 17.7.34024.191
MinimumVisualStudioVersion = 10.0.40219.1
Project("{FAE04EC0-301F-11D3-BF4B-00C04F79EFBC}") = "FreezingWeater", "ConditionalStatements\FreezingWeater.csproj", "{4BEAD7D8-AAFB-41A3-9B92-E86866EE557E}"
EndProject
Project("{FAE04EC0-301F-11D3-BF4B-00C04F79EFBC}") = "EvenOdd", "EvenOdd\EvenOdd.csproj", "{80E045A0-1B6E-409A-A53E-9A1EDF8CDBB4}"
EndProject
Project("{FAE04EC0-301F-11D3-BF4B-00C04F79EFBC}") = "NumberAsWords", "NumberAsWords\NumberAsWords.csproj", "{292BA59A-6407-48F9-96AE-F77649E2A7FD}"
EndProject
Project("{FAE04EC0-301F-11D3-BF4B-00C04F79EFBC}") = "GreaterNumber", "GreaterNumber\GreaterNumber.csproj", "{2774D978-7C57-40FE-9CFE-0A39236494B2}"
EndProject
Project("{FAE04EC0-301F-11D3-BF4B-00C04F79EFBC}") = "GuessThePassword", "GuessThePassword\GuessThePassword.csproj", "{96712F86-3171-42D1-9299-0FCB275FB2B6}"
EndProject
Project("{FAE04EC0-301F-11D3-BF4B-00C04F79EFBC}") = "BoilingWater", "BoilingWater\BoilingWater.csproj", "{AAE8CA9E-6C85-4B32-980D-948EB76BE351}"
EndProject
Project("{FAE04EC0-301F-11D3-BF4B-00C04F79EFBC}") = "SpeedInfo", "SpeedInfo\SpeedInfo.csproj", "{B4E31C32-C8E6-439B-A571-2D66DFB17364}"
EndProject
Project("{FAE04EC0-301F-11D3-BF4B-00C04F79EFBC}") = "TicketPrice", "TicketPrice\TicketPrice.csproj", "{21FE83F1-202B-4569-A3C1-3569BA83B3F7}"
EndProject
Project("{FAE04EC0-301F-11D3-BF4B-00C04F79EFBC}") = "FiguresArea", "FiguresArea\FiguresArea.csproj", "{6D6864F5-D4FE-4C06-A157-BF28FABD874D}"
EndProject
Project("{FAE04EC0-301F-11D3-BF4B-00C04F79EFBC}") = "ValidTriangle", "ValidTriangle\ValidTriangle.csproj", "{7756580E-B054-4BB2-8D9E-8BB2A65DA19B}"
EndProject
Project("{FAE04EC0-301F-11D3-BF4B-00C04F79EFBC}") = "CoffeeShop", "CoffeeShop\CoffeeShop.csproj", "{7CC2D523-3FE9-4FAF-967D-D837921D72C1}"
EndProject
Project("{FAE04EC0-301F-11D3-BF4B-00C04F79EFBC}") = "CoffeeShopChecks", "CoffeeShopChecks\CoffeeShopChecks.csproj", "{66BDC482-039B-4C0C-B447-915928095E18}"
EndProject
Global
	GlobalSection(SolutionConfigurationPlatforms) = preSolution
		Debug|Any CPU = Debug|Any CPU
		Release|Any CPU = Release|Any CPU
	EndGlobalSection
	GlobalSection(ProjectConfigurationPlatforms) = postSolution
		{4BEAD7D8-AAFB-41A3-9B92-E86866EE557E}.Debug|Any CPU.ActiveCfg = Debug|Any CPU
		{4BEAD7D8-AAFB-41A3-9B92-E86866EE557E}.Debug|Any CPU.Build.0 = Debug|Any CPU
		{4BEAD7D8-AAFB-41A3-9B92-E86866EE557E}.Release|Any CPU.ActiveCfg = Release|Any CPU
		{4BEAD7D8-AAFB-41A3-9B92-E86866EE557E}.Release|Any CPU.Build.0 = Release|Any CPU
		{80E045A0-1B6E-409A-A53E-9A1EDF8CDBB4}.Debug|Any CPU.ActiveCfg = Debug|Any CPU
		{80E045A0-1B6E-409A-A53E-9A1EDF8CDBB4}.Debug|Any CPU.Build.0 = Debug|Any CPU
		{80E045A0-1B6E-409A-A53E-9A1EDF8CDBB4}.Release|Any CPU.ActiveCfg = Release|Any CPU
		{80E045A0-1B6E-409A-A53E-9A1EDF8CDBB4}.Release|Any CPU.Build.0 = Release|Any CPU
		{292BA59A-6407-48F9-96AE-F77649E2A7FD}.Debug|Any CPU.ActiveCfg = Debug|Any CPU
		{292BA59A-6407-48F9-96AE-F77649E2A7FD}.Debug|Any CPU.Build.0 = Debug|Any CPU
		{292BA59A-6407-48F9-96AE-F77649E2A7FD}.Release|Any CPU.ActiveCfg = Release|Any CPU
		{292BA59A-6407-48F9-96AE-F77649E2A7FD}.Release|Any CPU.Build.0 = Release|Any CPU
		{2774D978-7C57-40FE-9CFE-0A39236494B2}.Debug|Any CPU.ActiveCfg = Debug|Any CPU
		{2774D978-7C57-40FE-9CFE-0A39236494B2}.Debug|Any CPU.Build.0 = Debug|Any CPU
		{2774D978-7C57-40FE-9CFE-0A39236494B2}.Release|Any CPU.ActiveCfg = Release|Any CPU
		{2774D978-7C57-40FE-9CFE-0A39236494B2}.Release|Any CPU.Build.0 = Release|Any CPU
		{96712F86-3171-42D1-9299-0FCB275FB2B6}.Debug|Any CPU.ActiveCfg = Debug|Any CPU
		{96712F86-3171-42D1-9299-0FCB275FB2B6}.Debug|Any CPU.Build.0 = Debug|Any CPU
		{96712F86-3171-42D1-9299-0FCB275FB2B6}.Release|Any CPU.ActiveCfg = Release|Any CPU
		{96712F86-3171-42D1-9299-0FCB275FB2B6}.Release|Any CPU.Build.0 = Release|Any CPU
		{AAE8CA9E-6C85-4B32-980D-948EB76BE351}.Debug|Any CPU.ActiveCfg = Debug|Any CPU
		{AAE8CA9E-6C85-4B32-980D-948EB76BE351}.Debug|Any CPU.Build.0 = Debug|Any CPU
		{AAE8CA9E-6C85-4B32-980D-948EB76BE351}.Release|Any CPU.ActiveCfg = Release|Any CPU
		{AAE8CA9E-6C85-4B32-980D-948EB76BE351}.Release|Any CPU.Build.0 = Release|Any CPU
		{B4E31C32-C8E6-439B-A571-2D66DFB17364}.Debug|Any CPU.ActiveCfg = Debug|Any CPU
		{B4E31C32-C8E6-439B-A571-2D66DFB17364}.Debug|Any CPU.Build.0 = Debug|Any CPU
		{B4E31C32-C8E6-439B-A571-2D66DFB17364}.Release|Any CPU.ActiveCfg = Release|Any CPU
		{B4E31C32-C8E6-439B-A571-2D66DFB17364}.Release|Any CPU.Build.0 = Release|Any CPU
		{21FE83F1-202B-4569-A3C1-3569BA83B3F7}.Debug|Any CPU.ActiveCfg = Debug|Any CPU
		{21FE83F1-202B-4569-A3C1-3569BA83B3F7}.Debug|Any CPU.Build.0 = Debug|Any CPU
		{21FE83F1-202B-4569-A3C1-3569BA83B3F7}.Release|Any CPU.ActiveCfg = Release|Any CPU
		{21FE83F1-202B-4569-A3C1-3569BA83B3F7}.Release|Any CPU.Build.0 = Release|Any CPU
		{6D6864F5-D4FE-4C06-A157-BF28FABD874D}.Debug|Any CPU.ActiveCfg = Debug|Any CPU
		{6D6864F5-D4FE-4C06-A157-BF28FABD874D}.Debug|Any CPU.Build.0 = Debug|Any CPU
		{6D6864F5-D4FE-4C06-A157-BF28FABD874D}.Release|Any CPU.ActiveCfg = Release|Any CPU
		{6D6864F5-D4FE-4C06-A157-BF28FABD874D}.Release|Any CPU.Build.0 = Release|Any CPU
		{7756580E-B054-4BB2-8D9E-8BB2A65DA19B}.Debug|Any CPU.ActiveCfg = Debug|Any CPU
		{7756580E-B054-4BB2-8D9E-8BB2A65DA19B}.Debug|Any CPU.Build.0 = Debug|Any CPU
		{7756580E-B054-4BB2-8D9E-8BB2A65DA19B}.Release|Any CPU.ActiveCfg = Release|Any CPU
		{7756580E-B054-4BB2-8D9E-8BB2A65DA19B}.Release|Any CPU.Build.0 = Release|Any CPU
		{7CC2D523-3FE9-4FAF-967D-D837921D72C1}.Debug|Any CPU.ActiveCfg = Debug|Any CPU
		{7CC2D523-3FE9-4FAF-967D-D837921D72C1}.Debug|Any CPU.Build.0 = Debug|Any CPU
		{7CC2D523-3FE9-4FAF-967D-D837921D72C1}.Release|Any CPU.ActiveCfg = Release|Any CPU
		{7CC2D523-3FE9-4FAF-967D-D837921D72C1}.Release|Any CPU.Build.0 = Release|Any CPU
		{66BDC482-039B-4C0C-B447-915928095E18}.Debug|Any CPU.ActiveCfg = Debug|Any CPU
		{66BDC482-039B-4C0C-B447-915928095E18}.Debug|Any CPU.Build.0 = Debug|Any CPU
		{66BDC482-039B-4C0C-B447-915928095E18}.Release|Any CPU.ActiveCfg = Release|Any CPU
		{66BDC482-039B-4C0C-B447-915928095E18}.Release|Any CPU.Build.0 = Release|Any CPU
	EndGlobalSection
	GlobalSection(SolutionProperties) = preSolution
		HideSolutionNode = FALSE
	EndGlobalSection
	GlobalSection(ExtensibilityGlobals) = postSolution
		SolutionGuid = {6233085D-5B73-461E-96F6-9D94FDD5B643}
	EndGlobalSection
EndGlobal
