
Microsoft Visual Studio Solution File, Format Version 12.00
# Visual Studio Version 17
VisualStudioVersion = 17.7.34024.191
MinimumVisualStudioVersion = 10.0.40219.1
Project("{9A19103F-16F7-4668-BE54-9A1E7A4F7556}") = "01MatchFullName", "01MatchFullName\01MatchFullName.csproj", "{0CC4822F-D9AC-4EC0-B35A-5E5AB84C3ACE}"
EndProject
Project("{9A19103F-16F7-4668-BE54-9A1E7A4F7556}") = "02MatchPhoneNumber", "02MatchPhoneNumber\02MatchPhoneNumber.csproj", "{20F57920-FAFD-422E-A8A1-6A80529CFDA0}"
EndProject
Project("{FAE04EC0-301F-11D3-BF4B-00C04F79EFBC}") = "03MatchDates", "03MatchDates\03MatchDates.csproj", "{92EFBDE2-E0EF-42DD-B846-CB45E38792C1}"
EndProject
Global
	GlobalSection(SolutionConfigurationPlatforms) = preSolution
		Debug|Any CPU = Debug|Any CPU
		Release|Any CPU = Release|Any CPU
	EndGlobalSection
	GlobalSection(ProjectConfigurationPlatforms) = postSolution
		{0CC4822F-D9AC-4EC0-B35A-5E5AB84C3ACE}.Debug|Any CPU.ActiveCfg = Debug|Any CPU
		{0CC4822F-D9AC-4EC0-B35A-5E5AB84C3ACE}.Debug|Any CPU.Build.0 = Debug|Any CPU
		{0CC4822F-D9AC-4EC0-B35A-5E5AB84C3ACE}.Release|Any CPU.ActiveCfg = Release|Any CPU
		{0CC4822F-D9AC-4EC0-B35A-5E5AB84C3ACE}.Release|Any CPU.Build.0 = Release|Any CPU
		{20F57920-FAFD-422E-A8A1-6A80529CFDA0}.Debug|Any CPU.ActiveCfg = Debug|Any CPU
		{20F57920-FAFD-422E-A8A1-6A80529CFDA0}.Debug|Any CPU.Build.0 = Debug|Any CPU
		{20F57920-FAFD-422E-A8A1-6A80529CFDA0}.Release|Any CPU.ActiveCfg = Release|Any CPU
		{20F57920-FAFD-422E-A8A1-6A80529CFDA0}.Release|Any CPU.Build.0 = Release|Any CPU
		{92EFBDE2-E0EF-42DD-B846-CB45E38792C1}.Debug|Any CPU.ActiveCfg = Debug|Any CPU
		{92EFBDE2-E0EF-42DD-B846-CB45E38792C1}.Debug|Any CPU.Build.0 = Debug|Any CPU
		{92EFBDE2-E0EF-42DD-B846-CB45E38792C1}.Release|Any CPU.ActiveCfg = Release|Any CPU
		{92EFBDE2-E0EF-42DD-B846-CB45E38792C1}.Release|Any CPU.Build.0 = Release|Any CPU
	EndGlobalSection
	GlobalSection(SolutionProperties) = preSolution
		HideSolutionNode = FALSE
	EndGlobalSection
	GlobalSection(ExtensibilityGlobals) = postSolution
		SolutionGuid = {ED0547E7-1079-46C8-984E-6D70B68C9AF4}
	EndGlobalSection
EndGlobal
